<?xml version="1.0" encoding="utf-8"?>
<Project ToolsVersion="4.0" xmlns:atg="http://atg.xbox.com" xmlns="http://schemas.microsoft.com/developer/msbuild/2003">
<ItemGroup>
<Filter Include="Resources">
<UniqueIdentifier>{2E00634B-153A-41dd-AEE5-5C755D13C053}</UniqueIdentifier>
<Extensions>rdf</Extensions>
</Filter>
<Filter Include="Textures">
<UniqueIdentifier>{BB0EF373-5196-40ee-A35B-E91DC445E26F}</UniqueIdentifier>
<Extensions>bmp;tga;dds</Extensions>
</Filter>
<Filter Include="Shaders">
<UniqueIdentifier>{1008237E-1E09-477c-92C2-F7C0517BFE4C}</UniqueIdentifier>
<Extensions>hlsl</Extensions>
</Filter>
</ItemGroup>
<ItemGroup>
      <ClCompile Include=".\GPUParticle.cpp" />
      <ClCompile Include=".\AtgTerrain.cpp" />
      <ClCompile Include=".\GPUParticleSystem.cpp" />
  </ItemGroup>
<ItemGroup>
<CustomBuild Include="..\..\Media\Fonts\Arial_16.rdf">
<Filter>Resources</Filter>
</CustomBuild>
<CustomBuild Include="..\..\Media\Help\Help.rdf">
<Filter>Resources</Filter>
</CustomBuild>
</ItemGroup>
<ItemGroup>
<CustomBuild Include="..\..\Media\Textures\Particle.bmp">
<Filter>Textures</Filter>
</CustomBuild>
<CustomBuild Include="..\..\Media\Textures\Stonehengeground.bmp">
<Filter>Textures</Filter>
</CustomBuild>
</ItemGroup>
<ItemGroup>
<CustomBuild Include="..\..\Media\Shaders\Particle.hlsl">
<Filter>Shaders</Filter>
</CustomBuild>
<CustomBuild Include="..\..\Media\Shaders\Terrain.hlsl">
<Filter>Shaders</Filter>
</CustomBuild>
</ItemGroup>
</Project>
