<?xml version="1.0" encoding="utf-8"?>
<Project ToolsVersion="4.0" xmlns:atg="http://atg.xbox.com" xmlns="http://schemas.microsoft.com/developer/msbuild/2003">
<ItemGroup>
<Filter Include="Resources">
<UniqueIdentifier>{2E00634B-153A-41dd-AEE5-5C755D13C053}</UniqueIdentifier>
<Extensions>rdf</Extensions>
</Filter>
<Filter Include="Meshes">
<UniqueIdentifier>{213BE6AB-96C7-440b-ACBD-EDFEB17C13A1}</UniqueIdentifier>
<Extensions>xbg</Extensions>
</Filter>
<Filter Include="FXLite Effects">
<UniqueIdentifier>{66FFA51C-CC80-4755-AC3B-50320EED7A38}</UniqueIdentifier>
<Extensions>fx</Extensions>
</Filter>
</ItemGroup>
<ItemGroup>
      <ClCompile Include=".\FXLWater.cpp" />
      <CLInclude Include=".\Camera.h" />
      <ClCompile Include=".\Camera.cpp" />
      <CLInclude Include=".\Dolphin.h" />
      <ClCompile Include=".\Dolphin.cpp" />
      <CLInclude Include=".\Water.h" />
      <ClCompile Include=".\Water.cpp" />
  </ItemGroup>
<ItemGroup>
<CustomBuild Include=".\Resource.rdf">
<Filter>Resources</Filter>
</CustomBuild>
<CustomBuild Include="..\..\Media\Fonts\Arial_16.rdf">
<Filter>Resources</Filter>
</CustomBuild>
<CustomBuild Include="..\..\Media\Help\Help.rdf">
<Filter>Resources</Filter>
</CustomBuild>
</ItemGroup>
<ItemGroup>
<CustomBuild Include="..\..\Media\Meshes\Dolphin1.xbg">
<Filter>Meshes</Filter>
</CustomBuild>
<CustomBuild Include="..\..\Media\Meshes\Dolphin2.xbg">
<Filter>Meshes</Filter>
</CustomBuild>
<CustomBuild Include="..\..\Media\Meshes\Dolphin3.xbg">
<Filter>Meshes</Filter>
</CustomBuild>
<CustomBuild Include="..\..\Media\Meshes\Skybox01.xbg">
<Filter>Meshes</Filter>
</CustomBuild>
</ItemGroup>
<ItemGroup>
<CustomBuild Include="..\..\Media\Effects\ComputeHeightmap.fx">
<Filter>FXLite Effects</Filter>
</CustomBuild>
<CustomBuild Include="..\..\Media\Effects\ComputeNormals.fx">
<Filter>FXLite Effects</Filter>
</CustomBuild>
<CustomBuild Include="..\..\Media\Effects\Dolphin.fx">
<Filter>FXLite Effects</Filter>
</CustomBuild>
<CustomBuild Include="..\..\Media\Effects\Skybox.fx">
<Filter>FXLite Effects</Filter>
</CustomBuild>
<CustomBuild Include="..\..\Media\Effects\Water.fx">
<Filter>FXLite Effects</Filter>
</CustomBuild>
</ItemGroup>
</Project>
