<?xml version="1.0" encoding="utf-8"?>
<Project ToolsVersion="4.0" xmlns:atg="http://atg.xbox.com" xmlns="http://schemas.microsoft.com/developer/msbuild/2003">
<ItemGroup>
<Filter Include="Resources">
<UniqueIdentifier>{2E00634B-153A-41dd-AEE5-5C755D13C053}</UniqueIdentifier>
<Extensions>rdf</Extensions>
</Filter>
<Filter Include="FXLite Effects">
<UniqueIdentifier>{66FFA51C-CC80-4755-AC3B-50320EED7A38}</UniqueIdentifier>
<Extensions>fx</Extensions>
</Filter>
<Filter Include="Sounds">
<UniqueIdentifier>{C6AC64E1-1959-4cb3-8304-25AA64072BA9}</UniqueIdentifier>
<Extensions>wav;wma</Extensions>
</Filter>
<Filter Include="Scene Files">
<UniqueIdentifier>{96ED41EC-44C0-4015-A89B-6399385FD891}</UniqueIdentifier>
</Filter>
</ItemGroup>
<ItemGroup>
      <ClCompile Include="KickBoxing.cpp" />
      <CLInclude Include="GestureDetector\Common.h" />
      <ClCompile Include="GestureDetector\ClassifierData.cpp" />
      <CLInclude Include="GestureDetector\ClassifierData.h" />
      <ClCompile Include="GestureDetector\GestureDetector.cpp" />
      <CLInclude Include="GestureDetector\GestureDetector.h" />
      <CLInclude Include="GestureDetector\RingBuffer.h" />
      <ClCompile Include="GestureDetector\MuscleTracking.cpp" />
      <CLInclude Include="GestureDetector\MuscleTracking.h" />
      <ClCompile Include="SkeletonTracking.cpp" />
      <CLInclude Include="SkeletonTracking.h" />
  </ItemGroup>
<ItemGroup>
<CustomBuild Include="..\..\Media\Fonts\Arial_16.rdf">
<Filter>Resources</Filter>
</CustomBuild>
<CustomBuild Include="..\..\Media\Help\Help.rdf">
<Filter>Resources</Filter>
</CustomBuild>
</ItemGroup>
<ItemGroup>
<CustomBuild Include="..\..\Media\Effects\SimpleShaders.fx">
<Filter>FXLite Effects</Filter>
</CustomBuild>
</ItemGroup>
<ItemGroup>
<CustomBuild Include="..\..\Media\Scenes\BoxingRing.xatg">
<Filter>Scene Files</Filter>
</CustomBuild>
<CustomBuild Include="..\..\Media\Scenes\BoxingRing.pmem">
<Filter>Scene Files</Filter>
</CustomBuild>
<CustomBuild Include="..\..\Media\Scenes\BoxingRing.xpr">
<Filter>Scene Files</Filter>
</CustomBuild>
<CustomBuild Include="..\..\Media\Scenes\PunchingBag.xatg">
<Filter>Scene Files</Filter>
</CustomBuild>
<CustomBuild Include="..\..\Media\Scenes\PunchingBag.pmem">
<Filter>Scene Files</Filter>
</CustomBuild>
<CustomBuild Include="..\..\Media\Scenes\PunchingBag.xpr">
<Filter>Scene Files</Filter>
</CustomBuild>
</ItemGroup>
<ItemGroup>
<CustomBuild Include="Data\Gestures\PunchLeft.gesture">
<Filter>Scene Files</Filter>
</CustomBuild>
<CustomBuild Include="Data\Gestures\PunchRight.gesture">
<Filter>Scene Files</Filter>
</CustomBuild>
<CustomBuild Include="Data\Gestures\KickLeft.gesture">
<Filter>Scene Files</Filter>
</CustomBuild>
<CustomBuild Include="Data\Gestures\KickRight.gesture">
<Filter>Scene Files</Filter>
</CustomBuild>
</ItemGroup>
<ItemGroup>
<CustomBuild Include="..\..\Media\Sounds\PunchBag1.wav">
<Filter>Sounds</Filter>
</CustomBuild>
<CustomBuild Include="..\..\Media\Sounds\PunchBag2.wav">
<Filter>Sounds</Filter>
</CustomBuild>
</ItemGroup>
</Project>
