
Microsoft Visual Studio Solution File, Format Version 12.00
# Visual Studio Version 17
Project("{8BC9CEB8-8B4A-11D0-8D11-00A0C91BC942}") = "PredicatedTilingVPos", "PredicatedTilingVPos.vcxproj", "{D10127DD-C1B8-A4B0-C98A-017AEB56937A}"
EndProject
Project("{8BC9CEB8-8B4A-11D0-8D11-00A0C91BC942}") = "Common", "..\..\Common\Common.vcxproj", "{4B99DC73-9044-E203-9C9C-C00C211DA956}"
EndProject
Global
	GlobalSection(SolutionConfigurationPlatforms) = preSolution
		Release|Xbox 360 = Release|Xbox 360
	EndGlobalSection
	GlobalSection(ProjectConfigurationPlatforms) = postSolution
		{D10127DD-C1B8-A4B0-C98A-017AEB56937A}.Release|Xbox 360.ActiveCfg = Release|Xbox 360
		{D10127DD-C1B8-A4B0-C98A-017AEB56937A}.Release|Xbox 360.Build.0 = Release|Xbox 360
		{4B99DC73-9044-E203-9C9C-C00C211DA956}.Release|Xbox 360.ActiveCfg = Release|Xbox 360
		{4B99DC73-9044-E203-9C9C-C00C211DA956}.Release|Xbox 360.Build.0 = Release|Xbox 360
	EndGlobalSection
	GlobalSection(SolutionProperties) = preSolution
		HideSolutionNode = FALSE
	EndGlobalSection
EndGlobal
