<?xml version="1.0" encoding="utf-8"?>
<Project ToolsVersion="4.0" xmlns:atg="http://atg.xbox.com" xmlns="http://schemas.microsoft.com/developer/msbuild/2003">
<ItemGroup>
<Filter Include="Resources">
<UniqueIdentifier>{2E00634B-153A-41dd-AEE5-5C755D13C053}</UniqueIdentifier>
<Extensions>rdf</Extensions>
</Filter>
<Filter Include="Effects">
<UniqueIdentifier>{94BA12AC-451F-45f0-8379-9FC71EA4ED3C}</UniqueIdentifier>
<Extensions>fx</Extensions>
</Filter>
<Filter Include="FXLite Effects">
<UniqueIdentifier>{66FFA51C-CC80-4755-AC3B-50320EED7A38}</UniqueIdentifier>
<Extensions>fx</Extensions>
</Filter>
<Filter Include="Sounds">
<UniqueIdentifier>{C6AC64E1-1959-4cb3-8304-25AA64072BA9}</UniqueIdentifier>
<Extensions>wav;wma</Extensions>
</Filter>
</ItemGroup>
<ItemGroup>
      <CLInclude Include="Comp1APO.h" />
      <CLInclude Include="EqualizerAPO.h" />
      <CLInclude Include="SimpleAPO.h" />
      <CLInclude Include="UI.h" />
      <ClCompile Include="Comp1APO.cpp" />
      <ClCompile Include="EqualizerAPO.cpp" />
      <ClCompile Include="SimpleAPO.cpp" />
      <ClCompile Include="UI.cpp" />
      <ClCompile Include="XAudio2CustomAPO.cpp" />
  </ItemGroup>
<ItemGroup>
<CustomBuild Include="..\..\Media\Fonts\Arial_16.rdf">
<Filter>Resources</Filter>
</CustomBuild>
<CustomBuild Include="..\..\Media\Fonts\Fixedsys_12.rdf">
<Filter>Resources</Filter>
</CustomBuild>
<CustomBuild Include="..\..\Media\Help\Help.rdf">
<Filter>Resources</Filter>
</CustomBuild>
<CustomBuild Include=".\Resource.rdf">
<Filter>Resources</Filter>
</CustomBuild>
</ItemGroup>
<ItemGroup>
<CustomBuild Include="..\..\Media\Effects\audio.fx">
<Filter>Effects</Filter>
</CustomBuild>
</ItemGroup>
<ItemGroup>
<CustomBuild Include="..\..\Media\Effects\SimpleShaders.fx">
<Filter>FXLite Effects</Filter>
</CustomBuild>
</ItemGroup>
<ItemGroup>
<CustomBuild Include="..\..\Media\Sounds\MusicMono.wav">
<Filter>Sounds</Filter>
</CustomBuild>
</ItemGroup>
</Project>
